
Microsoft Visual Studio Solution File, Format Version 12.00
# Visual Studio 15
VisualStudioVersion = 15.0.26730.16
MinimumVisualStudioVersion = 10.0.40219.1
Project("{FAE04EC0-301F-11D3-BF4B-00C04F79EFBC}") = "VinaHostEmailSpammer", "VinaHostEmailSpammer\VinaHostEmailSpammer.csproj", "{1D9B6134-9C82-4DF3-94BA-F3005A49350F}"
EndProject
Global
	GlobalSection(SolutionConfigurationPlatforms) = preSolution
		Debug|Any CPU = Debug|Any CPU
		Release|Any CPU = Release|Any CPU
	EndGlobalSection
	GlobalSection(ProjectConfigurationPlatforms) = postSolution
		{1D9B6134-9C82-4DF3-94BA-F3005A49350F}.Debug|Any CPU.ActiveCfg = Debug|Any CPU
		{1D9B6134-9C82-4DF3-94BA-F3005A49350F}.Debug|Any CPU.Build.0 = Debug|Any CPU
		{1D9B6134-9C82-4DF3-94BA-F3005A49350F}.Release|Any CPU.ActiveCfg = Release|Any CPU
		{1D9B6134-9C82-4DF3-94BA-F3005A49350F}.Release|Any CPU.Build.0 = Release|Any CPU
	EndGlobalSection
	GlobalSection(SolutionProperties) = preSolution
		HideSolutionNode = FALSE
	EndGlobalSection
	GlobalSection(ExtensibilityGlobals) = postSolution
		SolutionGuid = {30E8CD75-6C7A-4D61-8575-66ED8E2DE4E0}
	EndGlobalSection
EndGlobal
